
Microsoft Visual Studio Solution File, Format Version 12.00
# Visual Studio Version 17
VisualStudioVersion = 17.5.33530.505
MinimumVisualStudioVersion = 10.0.40219.1
Project("{FAE04EC0-301F-11D3-BF4B-00C04F79EFBC}") = "Number length", "Number length\Number length.csproj", "{8411CC5B-43CA-4528-B68D-A76B1DCADD0A}"
EndProject
Global
	GlobalSection(SolutionConfigurationPlatforms) = preSolution
		Debug|Any CPU = Debug|Any CPU
		Release|Any CPU = Release|Any CPU
	EndGlobalSection
	GlobalSection(ProjectConfigurationPlatforms) = postSolution
		{8411CC5B-43CA-4528-B68D-A76B1DCADD0A}.Debug|Any CPU.ActiveCfg = Debug|Any CPU
		{8411CC5B-43CA-4528-B68D-A76B1DCADD0A}.Debug|Any CPU.Build.0 = Debug|Any CPU
		{8411CC5B-43CA-4528-B68D-A76B1DCADD0A}.Release|Any CPU.ActiveCfg = Release|Any CPU
		{8411CC5B-43CA-4528-B68D-A76B1DCADD0A}.Release|Any CPU.Build.0 = Release|Any CPU
	EndGlobalSection
	GlobalSection(SolutionProperties) = preSolution
		HideSolutionNode = FALSE
	EndGlobalSection
	GlobalSection(ExtensibilityGlobals) = postSolution
		SolutionGuid = {6E3EFB6D-F88C-452D-980E-F434D889B1B3}
	EndGlobalSection
EndGlobal
