
Microsoft Visual Studio Solution File, Format Version 12.00
# Visual Studio Version 17
VisualStudioVersion = 17.5.33530.505
MinimumVisualStudioVersion = 10.0.40219.1
Project("{FAE04EC0-301F-11D3-BF4B-00C04F79EFBC}") = "Separate Digits", "Separate Digits\Separate Digits.csproj", "{BEF5BDBE-274F-4903-B43C-CDD35A44A609}"
EndProject
Global
	GlobalSection(SolutionConfigurationPlatforms) = preSolution
		Debug|Any CPU = Debug|Any CPU
		Release|Any CPU = Release|Any CPU
	EndGlobalSection
	GlobalSection(ProjectConfigurationPlatforms) = postSolution
		{BEF5BDBE-274F-4903-B43C-CDD35A44A609}.Debug|Any CPU.ActiveCfg = Debug|Any CPU
		{BEF5BDBE-274F-4903-B43C-CDD35A44A609}.Debug|Any CPU.Build.0 = Debug|Any CPU
		{BEF5BDBE-274F-4903-B43C-CDD35A44A609}.Release|Any CPU.ActiveCfg = Release|Any CPU
		{BEF5BDBE-274F-4903-B43C-CDD35A44A609}.Release|Any CPU.Build.0 = Release|Any CPU
	EndGlobalSection
	GlobalSection(SolutionProperties) = preSolution
		HideSolutionNode = FALSE
	EndGlobalSection
	GlobalSection(ExtensibilityGlobals) = postSolution
		SolutionGuid = {01EEFB64-EDD6-44C0-BF2B-928E414C545F}
	EndGlobalSection
EndGlobal
