
Microsoft Visual Studio Solution File, Format Version 12.00
# Visual Studio Version 17
VisualStudioVersion = 17.5.33530.505
MinimumVisualStudioVersion = 10.0.40219.1
Project("{FAE04EC0-301F-11D3-BF4B-00C04F79EFBC}") = "Max Number with for", "Max Number with for\Max Number with for.csproj", "{BCEA2C07-D545-4C8F-A5E2-4245EB40EDFD}"
EndProject
Global
	GlobalSection(SolutionConfigurationPlatforms) = preSolution
		Debug|Any CPU = Debug|Any CPU
		Release|Any CPU = Release|Any CPU
	EndGlobalSection
	GlobalSection(ProjectConfigurationPlatforms) = postSolution
		{BCEA2C07-D545-4C8F-A5E2-4245EB40EDFD}.Debug|Any CPU.ActiveCfg = Debug|Any CPU
		{BCEA2C07-D545-4C8F-A5E2-4245EB40EDFD}.Debug|Any CPU.Build.0 = Debug|Any CPU
		{BCEA2C07-D545-4C8F-A5E2-4245EB40EDFD}.Release|Any CPU.ActiveCfg = Release|Any CPU
		{BCEA2C07-D545-4C8F-A5E2-4245EB40EDFD}.Release|Any CPU.Build.0 = Release|Any CPU
	EndGlobalSection
	GlobalSection(SolutionProperties) = preSolution
		HideSolutionNode = FALSE
	EndGlobalSection
	GlobalSection(ExtensibilityGlobals) = postSolution
		SolutionGuid = {0DB7D679-698B-4638-A18D-F7FFE39979A8}
	EndGlobalSection
EndGlobal
